
Microsoft Visual Studio Solution File, Format Version 12.00
Project("{FAE04EC0-301F-11D3-BF4B-00C04F79EFBC}") = "Day01", "src\Day01\Day01.csproj", "{2E6CFE24-A473-4397-AF5C-85F13B07E011}"
EndProject
Project("{2150E333-8FDC-42A3-9474-1A3956D46DE8}") = "src", "src", "{F9FF210F-C58D-443B-99E0-68E429AF1F40}"
EndProject
Project("{2150E333-8FDC-42A3-9474-1A3956D46DE8}") = "test", "test", "{3F860EE7-BD92-4009-B612-D20576E2ACF4}"
EndProject
Project("{FAE04EC0-301F-11D3-BF4B-00C04F79EFBC}") = "Day01.Test", "test\Day01.Test\Day01.Test.csproj", "{8536F187-6DAE-47EE-B1C4-CC2A5A207DEA}"
EndProject
Global
	GlobalSection(SolutionConfigurationPlatforms) = preSolution
		Debug|Any CPU = Debug|Any CPU
		Release|Any CPU = Release|Any CPU
	EndGlobalSection
	GlobalSection(ProjectConfigurationPlatforms) = postSolution
		{2E6CFE24-A473-4397-AF5C-85F13B07E011}.Debug|Any CPU.ActiveCfg = Debug|Any CPU
		{2E6CFE24-A473-4397-AF5C-85F13B07E011}.Debug|Any CPU.Build.0 = Debug|Any CPU
		{2E6CFE24-A473-4397-AF5C-85F13B07E011}.Release|Any CPU.ActiveCfg = Release|Any CPU
		{2E6CFE24-A473-4397-AF5C-85F13B07E011}.Release|Any CPU.Build.0 = Release|Any CPU
		{8536F187-6DAE-47EE-B1C4-CC2A5A207DEA}.Debug|Any CPU.ActiveCfg = Debug|Any CPU
		{8536F187-6DAE-47EE-B1C4-CC2A5A207DEA}.Debug|Any CPU.Build.0 = Debug|Any CPU
		{8536F187-6DAE-47EE-B1C4-CC2A5A207DEA}.Release|Any CPU.ActiveCfg = Release|Any CPU
		{8536F187-6DAE-47EE-B1C4-CC2A5A207DEA}.Release|Any CPU.Build.0 = Release|Any CPU
	EndGlobalSection
	GlobalSection(NestedProjects) = preSolution
		{2E6CFE24-A473-4397-AF5C-85F13B07E011} = {F9FF210F-C58D-443B-99E0-68E429AF1F40}
		{8536F187-6DAE-47EE-B1C4-CC2A5A207DEA} = {3F860EE7-BD92-4009-B612-D20576E2ACF4}
	EndGlobalSection
EndGlobal
